
Microsoft Visual Studio Solution File, Format Version 12.00
# Visual Studio Version 17
VisualStudioVersion = 17.11.35312.102
MinimumVisualStudioVersion = 10.0.40219.1
Project("{FAE04EC0-301F-11D3-BF4B-00C04F79EFBC}") = "EmployeeAdminPortal", "EmployeeAdminPortal\EmployeeAdminPortal.csproj", "{B2A24F6F-7EBA-4508-9AC8-C317C93FEF85}"
EndProject
Global
	GlobalSection(SolutionConfigurationPlatforms) = preSolution
		Debug|Any CPU = Debug|Any CPU
		Release|Any CPU = Release|Any CPU
	EndGlobalSection
	GlobalSection(ProjectConfigurationPlatforms) = postSolution
		{B2A24F6F-7EBA-4508-9AC8-C317C93FEF85}.Debug|Any CPU.ActiveCfg = Debug|Any CPU
		{B2A24F6F-7EBA-4508-9AC8-C317C93FEF85}.Debug|Any CPU.Build.0 = Debug|Any CPU
		{B2A24F6F-7EBA-4508-9AC8-C317C93FEF85}.Release|Any CPU.ActiveCfg = Release|Any CPU
		{B2A24F6F-7EBA-4508-9AC8-C317C93FEF85}.Release|Any CPU.Build.0 = Release|Any CPU
	EndGlobalSection
	GlobalSection(SolutionProperties) = preSolution
		HideSolutionNode = FALSE
	EndGlobalSection
	GlobalSection(ExtensibilityGlobals) = postSolution
		SolutionGuid = {D87CADED-E1D5-4951-AB60-9382FFF16F2A}
	EndGlobalSection
EndGlobal
